// !$*UTF8*$!
{
	archiveVersion = 1;
	classes = {
	};
	objectVersion = 50;
	objects = {

/* Begin PBXBuildFile section */
		452EC73B25CCF45B460825FC /* Pods_Week1.framework in Frameworks */ = {isa = PBXBuildFile; fileRef = C09F394F50ECC6C76BA2EAD0 /* Pods_Week1.framework */; };
		D1050C542532E66600D3D069 /* AppDelegate.swift in Sources */ = {isa = PBXBuildFile; fileRef = D1050C532532E66600D3D069 /* AppDelegate.swift */; };
		D1050C562532E66600D3D069 /* SceneDelegate.swift in Sources */ = {isa = PBXBuildFile; fileRef = D1050C552532E66600D3D069 /* SceneDelegate.swift */; };
		D1050C582532E66600D3D069 /* ViewController.swift in Sources */ = {isa = PBXBuildFile; fileRef = D1050C572532E66600D3D069 /* ViewController.swift */; };
		D1050C5B2532E66600D3D069 /* Main.storyboard in Resources */ = {isa = PBXBuildFile; fileRef = D1050C592532E66600D3D069 /* Main.storyboard */; };
		D1050C5D2532E66900D3D069 /* Assets.xcassets in Resources */ = {isa = PBXBuildFile; fileRef = D1050C5C2532E66900D3D069 /* Assets.xcassets */; };
		D1050C602532E66900D3D069 /* LaunchScreen.storyboard in Resources */ = {isa = PBXBuildFile; fileRef = D1050C5E2532E66900D3D069 /* LaunchScreen.storyboard */; };
/* End PBXBuildFile section */

/* Begin PBXFileReference section */
		15555A75F4CFAB46DF7FC56A /* Pods-Week1.debug.xcconfig */ = {isa = PBXFileReference; includeInIndex = 1; lastKnownFileType = text.xcconfig; name = "Pods-Week1.debug.xcconfig"; path = "Target Support Files/Pods-Week1/Pods-Week1.debug.xcconfig"; sourceTree = "<group>"; };
		671249A592CFEBD4B530E7F1 /* Pods-Week1.release.xcconfig */ = {isa = PBXFileReference; includeInIndex = 1; lastKnownFileType = text.xcconfig; name = "Pods-Week1.release.xcconfig"; path = "Target Support Files/Pods-Week1/Pods-Week1.release.xcconfig"; sourceTree = "<group>"; };
		C09F394F50ECC6C76BA2EAD0 /* Pods_Week1.framework */ = {isa = PBXFileReference; explicitFileType = wrapper.framework; includeInIndex = 0; path = Pods_Week1.framework; sourceTree = BUILT_PRODUCTS_DIR; };
		D1050C502532E66600D3D069 /* Week1.app */ = {isa = PBXFileReference; explicitFileType = wrapper.application; includeInIndex = 0; path = Week1.app; sourceTree = BUILT_PRODUCTS_DIR; };
		D1050C532532E66600D3D069 /* AppDelegate.swift */ = {isa = PBXFileReference; lastKnownFileType = sourcecode.swift; path = AppDelegate.swift; sourceTree = "<group>"; };
		D1050C552532E66600D3D069 /* SceneDelegate.swift */ = {isa = PBXFileReference; lastKnownFileType = sourcecode.swift; path = SceneDelegate.swift; sourceTree = "<group>"; };
		D1050C572532E66600D3D069 /* ViewController.swift */ = {isa = PBXFileReference; lastKnownFileType = sourcecode.swift; path = ViewController.swift; sourceTree = "<group>"; };
		D1050C5A2532E66600D3D069 /* Base */ = {isa = PBXFileReference; lastKnownFileType = file.storyboard; name = Base; path = Base.lproj/Main.storyboard; sourceTree = "<group>"; };
		D1050C5C2532E66900D3D069 /* Assets.xcassets */ = {isa = PBXFileReference; lastKnownFileType = folder.assetcatalog; path = Assets.xcassets; sourceTree = "<group>"; };
		D1050C5F2532E66900D3D069 /* Base */ = {isa = PBXFileReference; lastKnownFileType = file.storyboard; name = Base; path = Base.lproj/LaunchScreen.storyboard; sourceTree = "<group>"; };
		D1050C612532E66900D3D069 /* Info.plist */ = {isa = PBXFileReference; lastKnownFileType = text.plist.xml; path = Info.plist; sourceTree = "<group>"; };
/* End PBXFileReference section */

/* Begin PBXFrameworksBuildPhase section */
		D1050C4D2532E66600D3D069 /* Frameworks */ = {
			isa = PBXFrameworksBuildPhase;
			buildActionMask = 2147483647;
			files = (
				452EC73B25CCF45B460825FC /* Pods_Week1.framework in Frameworks */,
			);
			runOnlyForDeploymentPostprocessing = 0;
		};
/* End PBXFrameworksBuildPhase section */

/* Begin PBXGroup section */
		8DCA033B963713492F6FF9F1 /* Pods */ = {
			isa = PBXGroup;
			children = (
				15555A75F4CFAB46DF7FC56A /* Pods-Week1.debug.xcconfig */,
				671249A592CFEBD4B530E7F1 /* Pods-Week1.release.xcconfig */,
			);
			name = Pods;
			path = Pods;
			sourceTree = "<group>";
		};
		B0E53A00C74041B2B6656E7B /* Frameworks */ = {
			isa = PBXGroup;
			children = (
				C09F394F50ECC6C76BA2EAD0 /* Pods_Week1.framework */,
			);
			name = Frameworks;
			sourceTree = "<group>";
		};
		D1050C472532E66600D3D069 = {
			isa = PBXGroup;
			children = (
				D1050C522532E66600D3D069 /* Week1 */,
				D1050C512532E66600D3D069 /* Products */,
				8DCA033B963713492F6FF9F1 /* Pods */,
				B0E53A00C74041B2B6656E7B /* Frameworks */,
			);
			sourceTree = "<group>";
		};
		D1050C512532E66600D3D069 /* Products */ = {
			isa = PBXGroup;
			children = (
				D1050C502532E66600D3D069 /* Week1.app */,
			);
			name = Products;
			sourceTree = "<group>";
		};
		D1050C522532E66600D3D069 /* Week1 */ = {
			isa = PBXGroup;
			children = (
				D1050C532532E66600D3D069 /* AppDelegate.swift */,
				D1050C552532E66600D3D069 /* SceneDelegate.swift */,
				D1050C572532E66600D3D069 /* ViewController.swift */,
				D1050C592532E66600D3D069 /* Main.storyboard */,
				D1050C5C2532E66900D3D069 /* Assets.xcassets */,
				D1050C5E2532E66900D3D069 /* LaunchScreen.storyboard */,
				D1050C612532E66900D3D069 /* Info.plist */,
			);
			path = Week1;
			sourceTree = "<group>";
		};
/* End PBXGroup section */

/* Begin PBXNativeTarget section */
		D1050C4F2532E66600D3D069 /* Week1 */ = {
			isa = PBXNativeTarget;
			buildConfigurationList = D1050C642532E66900D3D069 /* Build configuration list for PBXNativeTarget "Week1" */;
			buildPhases = (
				71BD458C3C7EE2BEF8641A50 /* [CP] Check Pods Manifest.lock */,
				D1050C4C2532E66600D3D069 /* Sources */,
				D1050C4D2532E66600D3D069 /* Frameworks */,
				D1050C4E2532E66600D3D069 /* Resources */,
				C0EA39849CE162F8CDAEF0A6 /* [CP] Embed Pods Frameworks */,
			);
			buildRules = (
			);
			dependencies = (
			);
			name = Week1;
			productName = Week1;
			productReference = D1050C502532E66600D3D069 /* Week1.app */;
			productType = "com.apple.product-type.application";
		};
/* End PBXNativeTarget section */

/* Begin PBXProject section */
		D1050C482532E66600D3D069 /* Project object */ = {
			isa = PBXProject;
			attributes = {
				LastSwiftUpdateCheck = 1200;
				LastUpgradeCheck = 1200;
				TargetAttributes = {
					D1050C4F2532E66600D3D069 = {
						CreatedOnToolsVersion = 12.0.1;
					};
				};
			};
			buildConfigurationList = D1050C4B2532E66600D3D069 /* Build configuration list for PBXProject "Week1" */;
			compatibilityVersion = "Xcode 9.3";
			developmentRegion = en;
			hasScannedForEncodings = 0;
			knownRegions = (
				en,
				Base,
			);
			mainGroup = D1050C472532E66600D3D069;
			productRefGroup = D1050C512532E66600D3D069 /* Products */;
			projectDirPath = "";
			projectRoot = "";
			targets = (
				D1050C4F2532E66600D3D069 /* Week1 */,
			);
		};
/* End PBXProject section */

/* Begin PBXResourcesBuildPhase section */
		D1050C4E2532E66600D3D069 /* Resources */ = {
			isa = PBXResourcesBuildPhase;
			buildActionMask = 2147483647;
			files = (
				D1050C602532E66900D3D069 /* LaunchScreen.storyboard in Resources */,
				D1050C5D2532E66900D3D069 /* Assets.xcassets in Resources */,
				D1050C5B2532E66600D3D069 /* Main.storyboard in Resources */,
			);
			runOnlyForDeploymentPostprocessing = 0;
		};
/* End PBXResourcesBuildPhase section */

/* Begin PBXShellScriptBuildPhase section */
		71BD458C3C7EE2BEF8641A50 /* [CP] Check Pods Manifest.lock */ = {
			isa = PBXShellScriptBuildPhase;
			buildActionMask = 2147483647;
			files = (
			);
			inputFileListPaths = (
			);
			inputPaths = (
				"${PODS_PODFILE_DIR_PATH}/Podfile.lock",
				"${PODS_ROOT}/Manifest.lock",
			);
			name = "[CP] Check Pods Manifest.lock";
			outputFileListPaths = (
			);
			outputPaths = (
				"$(DERIVED_FILE_DIR)/Pods-Week1-checkManifestLockResult.txt",
			);
			runOnlyForDeploymentPostprocessing = 0;
			shellPath = /bin/sh;
			shellScript = "diff \"${PODS_PODFILE_DIR_PATH}/Podfile.lock\" \"${PODS_ROOT}/Manifest.lock\" > /dev/null\nif [ $? != 0 ] ; then\n    # print error to STDERR\n    echo \"error: The sandbox is not in sync with the Podfile.lock. Run 'pod install' or update your CocoaPods installation.\" >&2\n    exit 1\nfi\n# This output is used by Xcode 'outputs' to avoid re-running this script phase.\necho \"SUCCESS\" > \"${SCRIPT_OUTPUT_FILE_0}\"\n";
			showEnvVarsInLog = 0;
		};
		C0EA39849CE162F8CDAEF0A6 /* [CP] Embed Pods Frameworks */ = {
			isa = PBXShellScriptBuildPhase;
			buildActionMask = 2147483647;
			files = (
			);
			inputFileListPaths = (
				"${PODS_ROOT}/Target Support Files/Pods-Week1/Pods-Week1-frameworks-${CONFIGURATION}-input-files.xcfilelist",
			);
			name = "[CP] Embed Pods Frameworks";
			outputFileListPaths = (
				"${PODS_ROOT}/Target Support Files/Pods-Week1/Pods-Week1-frameworks-${CONFIGURATION}-output-files.xcfilelist",
			);
			runOnlyForDeploymentPostprocessing = 0;
			shellPath = /bin/sh;
			shellScript = "\"${PODS_ROOT}/Target Support Files/Pods-Week1/Pods-Week1-frameworks.sh\"\n";
			showEnvVarsInLog = 0;
		};
/* End PBXShellScriptBuildPhase section */

/* Begin PBXSourcesBuildPhase section */
		D1050C4C2532E66600D3D069 /* Sources */ = {
			isa = PBXSourcesBuildPhase;
			buildActionMask = 2147483647;
			files = (
				D1050C582532E66600D3D069 /* ViewController.swift in Sources */,
				D1050C542532E66600D3D069 /* AppDelegate.swift in Sources */,
				D1050C562532E66600D3D069 /* SceneDelegate.swift in Sources */,
			);
			runOnlyForDeploymentPostprocessing = 0;
		};
/* End PBXSourcesBuildPhase section */

/* Begin PBXVariantGroup section */
		D1050C592532E66600D3D069 /* Main.storyboard */ = {
			isa = PBXVariantGroup;
			children = (
				D1050C5A2532E66600D3D069 /* Base */,
			);
			name = Main.storyboard;
			sourceTree = "<group>";
		};
		D1050C5E2532E66900D3D069 /* LaunchScreen.storyboard */ = {
			isa = PBXVariantGroup;
			children = (
				D1050C5F2532E66900D3D069 /* Base */,
			);
			name = LaunchScreen.storyboard;
			sourceTree = "<group>";
		};
/* End PBXVariantGroup section */

/* Begin XCBuildConfiguration section */
		D1050C622532E66900D3D069 /* Debug */ = {
			isa = XCBuildConfiguration;
			buildSettings = {
				ALWAYS_SEARCH_USER_PATHS = NO;
				CLANG_ANALYZER_NONNULL = YES;
				CLANG_ANALYZER_NUMBER_OBJECT_CONVERSION = YES_AGGRESSIVE;
				CLANG_CXX_LANGUAGE_STANDARD = "gnu++14";
				CLANG_CXX_LIBRARY = "libc++";
				CLANG_ENABLE_MODULES = YES;
				CLANG_ENABLE_OBJC_ARC = YES;
				CLANG_ENABLE_OBJC_WEAK = YES;
				CLANG_WARN_BLOCK_CAPTURE_AUTORELEASING = YES;
				CLANG_WARN_BOOL_CONVERSION = YES;
				CLANG_WARN_COMMA = YES;
				CLANG_WARN_CONSTANT_CONVERSION = YES;
				CLANG_WARN_DEPRECATED_OBJC_IMPLEMENTATIONS = YES;
				CLANG_WARN_DIRECT_OBJC_ISA_USAGE = YES_ERROR;
				CLANG_WARN_DOCUMENTATION_COMMENTS = YES;
				CLANG_WARN_EMPTY_BODY = YES;
				CLANG_WARN_ENUM_CONVERSION = YES;
				CLANG_WARN_INFINITE_RECURSION = YES;
				CLANG_WARN_INT_CONVERSION = YES;
				CLANG_WARN_NON_LITERAL_NULL_CONVERSION = YES;
				CLANG_WARN_OBJC_IMPLICIT_RETAIN_SELF = YES;
				CLANG_WARN_OBJC_LITERAL_CONVERSION = YES;
				CLANG_WARN_OBJC_ROOT_CLASS = YES_ERROR;
				CLANG_WARN_QUOTED_INCLUDE_IN_FRAMEWORK_HEADER = YES;
				CLANG_WARN_RANGE_LOOP_ANALYSIS = YES;
				CLANG_WARN_STRICT_PROTOTYPES = YES;
				CLANG_WARN_SUSPICIOUS_MOVE = YES;
				CLANG_WARN_UNGUARDED_AVAILABILITY = YES_AGGRESSIVE;
				CLANG_WARN_UNREACHABLE_CODE = YES;
				CLANG_WARN__DUPLICATE_METHOD_MATCH = YES;
				COPY_PHASE_STRIP = NO;
				DEBUG_INFORMATION_FORMAT = dwarf;
				ENABLE_STRICT_OBJC_MSGSEND = YES;
				ENABLE_TESTABILITY = YES;
				GCC_C_LANGUAGE_STANDARD = gnu11;
				GCC_DYNAMIC_NO_PIC = NO;
				GCC_NO_COMMON_BLOCKS = YES;
				GCC_OPTIMIZATION_LEVEL = 0;
				GCC_PREPROCESSOR_DEFINITIONS = (
					"DEBUG=1",
					"$(inherited)",
				);
				GCC_WARN_64_TO_32_BIT_CONVERSION = YES;
				GCC_WARN_ABOUT_RETURN_TYPE = YES_ERROR;
				GCC_WARN_UNDECLARED_SELECTOR = YES;
				GCC_WARN_UNINITIALIZED_AUTOS = YES_AGGRESSIVE;
				GCC_WARN_UNUSED_FUNCTION = YES;
				GCC_WARN_UNUSED_VARIABLE = YES;
				IPHONEOS_DEPLOYMENT_TARGET = 14.0;
				MTL_ENABLE_DEBUG_INFO = INCLUDE_SOURCE;
				MTL_FAST_MATH = YES;
				ONLY_ACTIVE_ARCH = YES;
				SDKROOT = iphoneos;
				SWIFT_ACTIVE_COMPILATION_CONDITIONS = DEBUG;
				SWIFT_OPTIMIZATION_LEVEL = "-Onone";
			};
			name = Debug;
		};
		D1050C632532E66900D3D069 /* Release */ = {
			isa = XCBuildConfiguration;
			buildSettings = {
				ALWAYS_SEARCH_USER_PATHS = NO;
				CLANG_ANALYZER_NONNULL = YES;
				CLANG_ANALYZER_NUMBER_OBJECT_CONVERSION = YES_AGGRESSIVE;
				CLANG_CXX_LANGUAGE_STANDARD = "gnu++14";
				CLANG_CXX_LIBRARY = "libc++";
				CLANG_ENABLE_MODULES = YES;
				CLANG_ENABLE_OBJC_ARC = YES;
				CLANG_ENABLE_OBJC_WEAK = YES;
				CLANG_WARN_BLOCK_CAPTURE_AUTORELEASING = YES;
				CLANG_WARN_BOOL_CONVERSION = YES;
				CLANG_WARN_COMMA = YES;
				CLANG_WARN_CONSTANT_CONVERSION = YES;
				CLANG_WARN_DEPRECATED_OBJC_IMPLEMENTATIONS = YES;
				CLANG_WARN_DIRECT_OBJC_ISA_USAGE = YES_ERROR;
				CLANG_WARN_DOCUMENTATION_COMMENTS = YES;
				CLANG_WARN_EMPTY_BODY = YES;
				CLANG_WARN_ENUM_CONVERSION = YES;
				CLANG_WARN_INFINITE_RECURSION = YES;
				CLANG_WARN_INT_CONVERSION = YES;
				CLANG_WARN_NON_LITERAL_NULL_CONVERSION = YES;
				CLANG_WARN_OBJC_IMPLICIT_RETAIN_SELF = YES;
				CLANG_WARN_OBJC_LITERAL_CONVERSION = YES;
				CLANG_WARN_OBJC_ROOT_CLASS = YES_ERROR;
				CLANG_WARN_QUOTED_INCLUDE_IN_FRAMEWORK_HEADER = YES;
				CLANG_WARN_RANGE_LOOP_ANALYSIS = YES;
				CLANG_WARN_STRICT_PROTOTYPES = YES;
				CLANG_WARN_SUSPICIOUS_MOVE = YES;
				CLANG_WARN_UNGUARDED_AVAILABILITY = YES_AGGRESSIVE;
				CLANG_WARN_UNREACHABLE_CODE = YES;
				CLANG_WARN__DUPLICATE_METHOD_MATCH = YES;
				COPY_PHASE_STRIP = NO;
				DEBUG_INFORMATION_FORMAT = "dwarf-with-dsym";
				ENABLE_NS_ASSERTIONS = NO;
				ENABLE_STRICT_OBJC_MSGSEND = YES;
				GCC_C_LANGUAGE_STANDARD = gnu11;
				GCC_NO_COMMON_BLOCKS = YES;
				GCC_WARN_64_TO_32_BIT_CONVERSION = YES;
				GCC_WARN_ABOUT_RETURN_TYPE = YES_ERROR;
				GCC_WARN_UNDECLARED_SELECTOR = YES;
				GCC_WARN_UNINITIALIZED_AUTOS = YES_AGGRESSIVE;
				GCC_WARN_UNUSED_FUNCTION = YES;
				GCC_WARN_UNUSED_VARIABLE = YES;
				IPHONEOS_DEPLOYMENT_TARGET = 14.0;
				MTL_ENABLE_DEBUG_INFO = NO;
				MTL_FAST_MATH = YES;
				SDKROOT = iphoneos;
				SWIFT_COMPILATION_MODE = wholemodule;
				SWIFT_OPTIMIZATION_LEVEL = "-O";
				VALIDATE_PRODUCT = YES;
			};
			name = Release;
		};
		D1050C652532E66900D3D069 /* Debug */ = {
			isa = XCBuildConfiguration;
			baseConfigurationReference = 15555A75F4CFAB46DF7FC56A /* Pods-Week1.debug.xcconfig */;
			buildSettings = {
				ASSETCATALOG_COMPILER_APPICON_NAME = AppIcon;
				ASSETCATALOG_COMPILER_GLOBAL_ACCENT_COLOR_NAME = AccentColor;
				CODE_SIGN_STYLE = Automatic;
				DEVELOPMENT_TEAM = 36BC59Q598;
				INFOPLIST_FILE = Week1/Info.plist;
				LD_RUNPATH_SEARCH_PATHS = (
					"$(inherited)",
					"@executable_path/Frameworks",
				);
				PRODUCT_BUNDLE_IDENTIFIER = com.sopt.Week1;
				PRODUCT_NAME = "$(TARGET_NAME)";
				SWIFT_VERSION = 5.0;
				TARGETED_DEVICE_FAMILY = "1,2";
			};
			name = Debug;
		};
		D1050C662532E66900D3D069 /* Release */ = {
			isa = XCBuildConfiguration;
			baseConfigurationReference = 671249A592CFEBD4B530E7F1 /* Pods-Week1.release.xcconfig */;
			buildSettings = {
				ASSETCATALOG_COMPILER_APPICON_NAME = AppIcon;
				ASSETCATALOG_COMPILER_GLOBAL_ACCENT_COLOR_NAME = AccentColor;
				CODE_SIGN_STYLE = Automatic;
				DEVELOPMENT_TEAM = 36BC59Q598;
				INFOPLIST_FILE = Week1/Info.plist;
				LD_RUNPATH_SEARCH_PATHS = (
					"$(inherited)",
					"@executable_path/Frameworks",
				);
				PRODUCT_BUNDLE_IDENTIFIER = com.sopt.Week1;
				PRODUCT_NAME = "$(TARGET_NAME)";
				SWIFT_VERSION = 5.0;
				TARGETED_DEVICE_FAMILY = "1,2";
			};
			name = Release;
		};
/* End XCBuildConfiguration section */

/* Begin XCConfigurationList section */
		D1050C4B2532E66600D3D069 /* Build configuration list for PBXProject "Week1" */ = {
			isa = XCConfigurationList;
			buildConfigurations = (
				D1050C622532E66900D3D069 /* Debug */,
				D1050C632532E66900D3D069 /* Release */,
			);
			defaultConfigurationIsVisible = 0;
			defaultConfigurationName = Release;
		};
		D1050C642532E66900D3D069 /* Build configuration list for PBXNativeTarget "Week1" */ = {
			isa = XCConfigurationList;
			buildConfigurations = (
				D1050C652532E66900D3D069 /* Debug */,
				D1050C662532E66900D3D069 /* Release */,
			);
			defaultConfigurationIsVisible = 0;
			defaultConfigurationName = Release;
		};
/* End XCConfigurationList section */
	};
	rootObject = D1050C482532E66600D3D069 /* Project object */;
}
